// !$*UTF8*$!
{
	archiveVersion = 1;
	classes = {
	};
	objectVersion = 70;
	objects = {

/* Begin PBXBuildFile section */
		A10000000000000000000001 /* PrayerAccuracyTests.swift in Sources */ = {isa = PBXBuildFile; fileRef = A10000000000000000000002 /* PrayerAccuracyTests.swift */; };
		13A596E6620E927F8E0BDCE6 /* UfukWidget.appex in Embed Foundation Extensions */ = {isa = PBXBuildFile; fileRef = 1B272A75E8AFDDF2E35FD5A0 /* UfukWidget.appex */; settings = {ATTRIBUTES = (RemoveHeadersOnCopy, ); }; };
		322CC2C3BD4A436E8DC5584A /* RevenueCat in Frameworks */ = {isa = PBXBuildFile; productRef = FED66DFEE5424FF389755875 /* RevenueCat */; };
		3ECEBAA566C74225835CA9ED /* Adhan in Frameworks */ = {isa = PBXBuildFile; productRef = D0FEB944B591481386752953 /* Adhan */; };
		C791883C9B522D281C7AC072 /* UfukWidget.swift in Sources */ = {isa = PBXBuildFile; fileRef = 08ACE226FCA80EC7456ABD19 /* UfukWidget.swift */; };
		AF0000000000000000000002 /* SkyGradient.swift in Sources */ = {isa = PBXBuildFile; fileRef = AF0000000000000000000001 /* SkyGradient.swift */; };
		AF0000000000000000000004 /* PrayerIcon.swift in Sources */ = {isa = PBXBuildFile; fileRef = AF0000000000000000000003 /* PrayerIcon.swift */; };
		AF0000000000000000000006 /* PrayerProgressRing.swift in Sources */ = {isa = PBXBuildFile; fileRef = AF0000000000000000000005 /* PrayerProgressRing.swift */; };
		D7D177C9F1A85EEDBB060DAE /* Foundation.framework in Frameworks */ = {isa = PBXBuildFile; fileRef = BB925CA7726FC375CD6DA19F /* Foundation.framework */; };
/* End PBXBuildFile section */

/* Begin PBXContainerItemProxy section */
		A10000000000000000000003 /* PBXContainerItemProxy */ = {
			isa = PBXContainerItemProxy;
			containerPortal = 55B61435A08D4CB58053593C /* Project object */;
			proxyType = 1;
			remoteGlobalIDString = E5E10C3EE6FD4F8498190FEE;
			remoteInfo = Vakit;
		};
		B447D1BDAD1BFD5DE1E8781D /* PBXContainerItemProxy */ = {
			isa = PBXContainerItemProxy;
			containerPortal = 55B61435A08D4CB58053593C /* Project object */;
			proxyType = 1;
			remoteGlobalIDString = D6F86F2213623A35EAAFE064;
			remoteInfo = UfukWidget;
		};
/* End PBXContainerItemProxy section */

/* Begin PBXCopyFilesBuildPhase section */
		8BCB5F9ED7EAD80A7DAAD8CE /* Embed Foundation Extensions */ = {
			isa = PBXCopyFilesBuildPhase;
			buildActionMask = 2147483647;
			dstPath = "";
			dstSubfolderSpec = 13;
			files = (
				13A596E6620E927F8E0BDCE6 /* UfukWidget.appex in Embed Foundation Extensions */,
			);
			name = "Embed Foundation Extensions";
			runOnlyForDeploymentPostprocessing = 0;
		};
/* End PBXCopyFilesBuildPhase section */

/* Begin PBXFileReference section */
		A10000000000000000000002 /* PrayerAccuracyTests.swift */ = {isa = PBXFileReference; lastKnownFileType = sourcecode.swift; path = PrayerAccuracyTests.swift; sourceTree = "<group>"; };
		A10000000000000000000004 /* VakitTests.xctest */ = {isa = PBXFileReference; explicitFileType = wrapper.cfbundle; includeInIndex = 0; path = VakitTests.xctest; sourceTree = BUILT_PRODUCTS_DIR; };
		08ACE226FCA80EC7456ABD19 /* UfukWidget.swift */ = {isa = PBXFileReference; includeInIndex = 1; lastKnownFileType = sourcecode.swift; path = UfukWidget.swift; sourceTree = "<group>"; };
		AF0000000000000000000001 /* SkyGradient.swift */ = {isa = PBXFileReference; includeInIndex = 1; lastKnownFileType = sourcecode.swift; path = SkyGradient.swift; sourceTree = "<group>"; };
		AF0000000000000000000003 /* PrayerIcon.swift */ = {isa = PBXFileReference; includeInIndex = 1; lastKnownFileType = sourcecode.swift; path = PrayerIcon.swift; sourceTree = "<group>"; };
		AF0000000000000000000005 /* PrayerProgressRing.swift */ = {isa = PBXFileReference; includeInIndex = 1; lastKnownFileType = sourcecode.swift; path = PrayerProgressRing.swift; sourceTree = "<group>"; };
		1B272A75E8AFDDF2E35FD5A0 /* UfukWidget.appex */ = {isa = PBXFileReference; explicitFileType = "wrapper.app-extension"; includeInIndex = 0; path = UfukWidget.appex; sourceTree = BUILT_PRODUCTS_DIR; };
		53EE6BDD0B56927D61636326 /* UfukWidget.entitlements */ = {isa = PBXFileReference; includeInIndex = 1; lastKnownFileType = text.plist.entitlements; path = UfukWidget.entitlements; sourceTree = "<group>"; };
		BB925CA7726FC375CD6DA19F /* Foundation.framework */ = {isa = PBXFileReference; lastKnownFileType = wrapper.framework; name = Foundation.framework; path = Platforms/iPhoneOS.platform/Developer/SDKs/iPhoneOS18.0.sdk/System/Library/Frameworks/Foundation.framework; sourceTree = DEVELOPER_DIR; };
		C000000000000000000002 /* Base.xcconfig */ = {isa = PBXFileReference; lastKnownFileType = text.xcconfig; path = Base.xcconfig; sourceTree = "<group>"; };
		C000000000000000000003 /* Secrets.xcconfig.example */ = {isa = PBXFileReference; lastKnownFileType = text.xcconfig; path = Secrets.xcconfig.example; sourceTree = "<group>"; };
		C3239F2272834908A926EE60 /* Vakit.app */ = {isa = PBXFileReference; explicitFileType = wrapper.application; includeInIndex = 0; path = Vakit.app; sourceTree = BUILT_PRODUCTS_DIR; };
		C4A9B6A946A8659B69514805 /* Info.plist */ = {isa = PBXFileReference; includeInIndex = 1; lastKnownFileType = text.plist.xml; path = Info.plist; sourceTree = "<group>"; };
/* End PBXFileReference section */

/* Begin PBXFileSystemSynchronizedBuildFileExceptionSet section */
		AA6067E82FDAAF8800A81432 /* PBXFileSystemSynchronizedBuildFileExceptionSet */ = {
			isa = PBXFileSystemSynchronizedBuildFileExceptionSet;
			membershipExceptions = (
				Info.plist,
			);
			target = E5E10C3EE6FD4F8498190FEE /* Vakit */;
		};
/* End PBXFileSystemSynchronizedBuildFileExceptionSet section */

/* Begin PBXFileSystemSynchronizedRootGroup section */
		92DFE05AD2B0418FBE6F4AF8 /* Vakit */ = {isa = PBXFileSystemSynchronizedRootGroup; exceptions = (AA6067E82FDAAF8800A81432 /* PBXFileSystemSynchronizedBuildFileExceptionSet */, ); explicitFileTypes = {}; explicitFolders = (); path = Vakit; sourceTree = "<group>"; };
		EB9174D72115468DA18B6633 /* Shared */ = {isa = PBXFileSystemSynchronizedRootGroup; explicitFileTypes = {}; explicitFolders = (); path = Shared; sourceTree = "<group>"; };
/* End PBXFileSystemSynchronizedRootGroup section */

/* Begin PBXFrameworksBuildPhase section */
		A10000000000000000000007 /* Frameworks */ = {
			isa = PBXFrameworksBuildPhase;
			buildActionMask = 2147483647;
			files = (
			);
			runOnlyForDeploymentPostprocessing = 0;
		};
		CBF2A86D5907500C0598EAE1 /* Frameworks */ = {
			isa = PBXFrameworksBuildPhase;
			buildActionMask = 2147483647;
			files = (
				D7D177C9F1A85EEDBB060DAE /* Foundation.framework in Frameworks */,
			);
			runOnlyForDeploymentPostprocessing = 0;
		};
		DC75F44D5BDB47908AB8D6F2 /* Frameworks */ = {
			isa = PBXFrameworksBuildPhase;
			buildActionMask = 2147483647;
			files = (
				3ECEBAA566C74225835CA9ED /* Adhan in Frameworks */,
				322CC2C3BD4A436E8DC5584A /* RevenueCat in Frameworks */,
			);
			runOnlyForDeploymentPostprocessing = 0;
		};
/* End PBXFrameworksBuildPhase section */

/* Begin PBXGroup section */
		0D709DA488CB4862A4303C11 = {
			isa = PBXGroup;
			children = (
				92DFE05AD2B0418FBE6F4AF8 /* Vakit */,
				A10000000000000000000005 /* VakitTests */,
				C000000000000000000001 /* Config */,
				EB9174D72115468DA18B6633 /* Shared */,
				DC8C9C2517B94A1688293EEB /* Products */,
				DA2AC121B466F7F82FE1691E /* Frameworks */,
				1A8C6092B30D23E8F3F8A70F /* UfukWidget */,
			);
			sourceTree = "<group>";
		};
		1A8C6092B30D23E8F3F8A70F /* UfukWidget */ = {
			isa = PBXGroup;
			children = (
				08ACE226FCA80EC7456ABD19 /* UfukWidget.swift */,
				AF0000000000000000000001 /* SkyGradient.swift */,
				AF0000000000000000000003 /* PrayerIcon.swift */,
				AF0000000000000000000005 /* PrayerProgressRing.swift */,
				C4A9B6A946A8659B69514805 /* Info.plist */,
				53EE6BDD0B56927D61636326 /* UfukWidget.entitlements */,
			);
			path = UfukWidget;
			sourceTree = "<group>";
		};
		A10000000000000000000005 /* VakitTests */ = {
			isa = PBXGroup;
			children = (
				A10000000000000000000002 /* PrayerAccuracyTests.swift */,
			);
			path = VakitTests;
			sourceTree = "<group>";
		};
		3931F68F4F2F36F0C459C851 /* iOS */ = {
			isa = PBXGroup;
			children = (
				BB925CA7726FC375CD6DA19F /* Foundation.framework */,
			);
			name = iOS;
			sourceTree = "<group>";
		};
		C000000000000000000001 /* Config */ = {
			isa = PBXGroup;
			children = (
				C000000000000000000002 /* Base.xcconfig */,
				C000000000000000000003 /* Secrets.xcconfig.example */,
			);
			path = Config;
			sourceTree = "<group>";
		};
		DA2AC121B466F7F82FE1691E /* Frameworks */ = {
			isa = PBXGroup;
			children = (
				3931F68F4F2F36F0C459C851 /* iOS */,
			);
			name = Frameworks;
			sourceTree = "<group>";
		};
		DC8C9C2517B94A1688293EEB /* Products */ = {
			isa = PBXGroup;
			children = (
				C3239F2272834908A926EE60 /* Vakit.app */,
				1B272A75E8AFDDF2E35FD5A0 /* UfukWidget.appex */,
				A10000000000000000000004 /* VakitTests.xctest */,
			);
			name = Products;
			sourceTree = "<group>";
		};
/* End PBXGroup section */

/* Begin PBXNativeTarget section */
		A10000000000000000000008 /* VakitTests */ = {
			isa = PBXNativeTarget;
			buildConfigurationList = A10000000000000000000011 /* Build configuration list for PBXNativeTarget "VakitTests" */;
			buildPhases = (
				A10000000000000000000006 /* Sources */,
				A10000000000000000000007 /* Frameworks */,
				A10000000000000000000009 /* Resources */,
			);
			buildRules = (
			);
			dependencies = (
				A1000000000000000000000A /* PBXTargetDependency */,
			);
			name = VakitTests;
			productName = VakitTests;
			productReference = A10000000000000000000004 /* VakitTests.xctest */;
			productType = "com.apple.product-type.bundle.unit-test";
		};
		D6F86F2213623A35EAAFE064 /* UfukWidget */ = {
			isa = PBXNativeTarget;
			buildConfigurationList = 91BAD9589DCE1F81E1F943FC /* Build configuration list for PBXNativeTarget "UfukWidget" */;
			buildPhases = (
				205B498377D03806BC820DE2 /* Sources */,
				CBF2A86D5907500C0598EAE1 /* Frameworks */,
				1E622D0C2ADB7C31714B90DB /* Resources */,
			);
			buildRules = (
			);
			dependencies = (
			);
			fileSystemSynchronizedGroups = (
				EB9174D72115468DA18B6633 /* Shared */,
			);
			name = UfukWidget;
			productName = UfukWidget;
			productReference = 1B272A75E8AFDDF2E35FD5A0 /* UfukWidget.appex */;
			productType = "com.apple.product-type.app-extension";
		};
		E5E10C3EE6FD4F8498190FEE /* Vakit */ = {
			isa = PBXNativeTarget;
			buildConfigurationList = 00710D7578E54B458420A16E /* Build configuration list for PBXNativeTarget "Vakit" */;
			buildPhases = (
				21A6F9ECC618455BA0038C08 /* Sources */,
				DC75F44D5BDB47908AB8D6F2 /* Frameworks */,
				51ACFFF9EABC4ED7AE369BCA /* Resources */,
				8BCB5F9ED7EAD80A7DAAD8CE /* Embed Foundation Extensions */,
			);
			buildRules = (
			);
			dependencies = (
				60E48EA2ACD8800B176962EA /* PBXTargetDependency */,
			);
			fileSystemSynchronizedGroups = (
				92DFE05AD2B0418FBE6F4AF8 /* Vakit */,
				EB9174D72115468DA18B6633 /* Shared */,
			);
			name = Vakit;
			packageProductDependencies = (
				D0FEB944B591481386752953 /* Adhan */,
				FED66DFEE5424FF389755875 /* RevenueCat */,
			);
			productName = Vakit;
			productReference = C3239F2272834908A926EE60 /* Vakit.app */;
			productType = "com.apple.product-type.application";
		};
/* End PBXNativeTarget section */

/* Begin PBXProject section */
		55B61435A08D4CB58053593C /* Project object */ = {
			isa = PBXProject;
			attributes = {
				BuildIndependentTargetsInParallel = 1;
				LastSwiftUpdateCheck = 1620;
				LastUpgradeCheck = 2650;
				TargetAttributes = {
					E5E10C3EE6FD4F8498190FEE = {
						CreatedOnToolsVersion = 16.2;
						SystemCapabilities = {
							com.apple.ApplicationGroups.iOS = {
								enabled = 1;
							};
							com.apple.SignInWithApple = {
								enabled = 1;
							};
						};
					};
				};
			};
			buildConfigurationList = 6CB7C7E2CAC642C39B6B32CA /* Build configuration list for PBXProject "Vakit" */;
			compatibilityVersion = "Xcode 14.0";
			developmentRegion = en;
			hasScannedForEncodings = 0;
			knownRegions = (
				en,
				Base,
				tr,
			);
			mainGroup = 0D709DA488CB4862A4303C11;
			minimizedProjectReferenceProxies = 1;
			packageReferences = (
				3AAC666D63BE48D1B9CCBE85 /* XCRemoteSwiftPackageReference "adhan-swift" */,
				A2FCC96F9DB3468DB52177FB /* XCRemoteSwiftPackageReference "purchases-ios" */,
			);
			productRefGroup = DC8C9C2517B94A1688293EEB /* Products */;
			projectDirPath = "";
			projectRoot = "";
			targets = (
				E5E10C3EE6FD4F8498190FEE /* Vakit */,
				D6F86F2213623A35EAAFE064 /* UfukWidget */,
				A10000000000000000000008 /* VakitTests */,
			);
		};
/* End PBXProject section */

/* Begin PBXResourcesBuildPhase section */
		A10000000000000000000009 /* Resources */ = {
			isa = PBXResourcesBuildPhase;
			buildActionMask = 2147483647;
			files = (
			);
			runOnlyForDeploymentPostprocessing = 0;
		};
		1E622D0C2ADB7C31714B90DB /* Resources */ = {
			isa = PBXResourcesBuildPhase;
			buildActionMask = 2147483647;
			files = (
			);
			runOnlyForDeploymentPostprocessing = 0;
		};
		51ACFFF9EABC4ED7AE369BCA /* Resources */ = {
			isa = PBXResourcesBuildPhase;
			buildActionMask = 2147483647;
			files = (
			);
			runOnlyForDeploymentPostprocessing = 0;
		};
/* End PBXResourcesBuildPhase section */

/* Begin PBXSourcesBuildPhase section */
		A10000000000000000000006 /* Sources */ = {
			isa = PBXSourcesBuildPhase;
			buildActionMask = 2147483647;
			files = (
				A10000000000000000000001 /* PrayerAccuracyTests.swift in Sources */,
			);
			runOnlyForDeploymentPostprocessing = 0;
		};
		205B498377D03806BC820DE2 /* Sources */ = {
			isa = PBXSourcesBuildPhase;
			buildActionMask = 2147483647;
			files = (
				C791883C9B522D281C7AC072 /* UfukWidget.swift in Sources */,
				AF0000000000000000000002 /* SkyGradient.swift in Sources */,
				AF0000000000000000000004 /* PrayerIcon.swift in Sources */,
				AF0000000000000000000006 /* PrayerProgressRing.swift in Sources */,
			);
			runOnlyForDeploymentPostprocessing = 0;
		};
		21A6F9ECC618455BA0038C08 /* Sources */ = {
			isa = PBXSourcesBuildPhase;
			buildActionMask = 2147483647;
			files = (
			);
			runOnlyForDeploymentPostprocessing = 0;
		};
/* End PBXSourcesBuildPhase section */

/* Begin PBXTargetDependency section */
		A1000000000000000000000A /* PBXTargetDependency */ = {
			isa = PBXTargetDependency;
			target = E5E10C3EE6FD4F8498190FEE /* Vakit */;
			targetProxy = A10000000000000000000003 /* PBXContainerItemProxy */;
		};
		60E48EA2ACD8800B176962EA /* PBXTargetDependency */ = {
			isa = PBXTargetDependency;
			name = UfukWidget;
			target = D6F86F2213623A35EAAFE064 /* UfukWidget */;
			targetProxy = B447D1BDAD1BFD5DE1E8781D /* PBXContainerItemProxy */;
		};
/* End PBXTargetDependency section */

/* Begin XCBuildConfiguration section */
		A1000000000000000000000B /* Debug */ = {
			isa = XCBuildConfiguration;
			buildSettings = {
				BUNDLE_LOADER = "$(TEST_HOST)";
				CODE_SIGN_STYLE = Automatic;
				CURRENT_PROJECT_VERSION = 1;
				DEVELOPMENT_TEAM = 8XPP7Z37GF;
				GENERATE_INFOPLIST_FILE = YES;
				IPHONEOS_DEPLOYMENT_TARGET = 17.0;
				LD_RUNPATH_SEARCH_PATHS = (
					"$(inherited)",
					"@executable_path/Frameworks",
					"@loader_path/Frameworks",
				);
				PRODUCT_BUNDLE_IDENTIFIER = com.vakit.app.tests;
				PRODUCT_NAME = "$(TARGET_NAME)";
				SDKROOT = iphoneos;
				SWIFT_ACTIVE_COMPILATION_CONDITIONS = "DEBUG $(inherited)";
				SWIFT_OPTIMIZATION_LEVEL = "-Onone";
				SWIFT_VERSION = 5.0;
				TARGETED_DEVICE_FAMILY = 1;
				TEST_HOST = "$(BUILT_PRODUCTS_DIR)/Vakit.app/$(BUNDLE_EXECUTABLE_FOLDER_PATH)/Vakit";
			};
			name = Debug;
		};
		A1000000000000000000000C /* Release */ = {
			isa = XCBuildConfiguration;
			buildSettings = {
				BUNDLE_LOADER = "$(TEST_HOST)";
				CODE_SIGN_STYLE = Automatic;
				CURRENT_PROJECT_VERSION = 1;
				DEVELOPMENT_TEAM = 8XPP7Z37GF;
				GENERATE_INFOPLIST_FILE = YES;
				IPHONEOS_DEPLOYMENT_TARGET = 17.0;
				LD_RUNPATH_SEARCH_PATHS = (
					"$(inherited)",
					"@executable_path/Frameworks",
					"@loader_path/Frameworks",
				);
				PRODUCT_BUNDLE_IDENTIFIER = com.vakit.app.tests;
				PRODUCT_NAME = "$(TARGET_NAME)";
				SDKROOT = iphoneos;
				SWIFT_VERSION = 5.0;
				TARGETED_DEVICE_FAMILY = 1;
				TEST_HOST = "$(BUILT_PRODUCTS_DIR)/Vakit.app/$(BUNDLE_EXECUTABLE_FOLDER_PATH)/Vakit";
			};
			name = Release;
		};
		1FC16D5184A848318E65D37E /* Debug */ = {
			isa = XCBuildConfiguration;
			baseConfigurationReference = C000000000000000000002 /* Base.xcconfig */;
			buildSettings = {
				ALWAYS_SEARCH_USER_PATHS = NO;
				ASSETCATALOG_COMPILER_GENERATE_SWIFT_ASSET_SYMBOL_EXTENSIONS = YES;
				CLANG_ANALYZER_LOCALIZABILITY_NONLOCALIZED = YES;
				CLANG_ANALYZER_NONNULL = YES;
				CLANG_ANALYZER_NUMBER_OBJECT_CONVERSION = YES_AGGRESSIVE;
				CLANG_CXX_LANGUAGE_STANDARD = "gnu++20";
				CLANG_ENABLE_MODULES = YES;
				CLANG_ENABLE_OBJC_ARC = YES;
				CLANG_ENABLE_OBJC_WEAK = YES;
				CLANG_WARN_BLOCK_CAPTURE_AUTORELEASING = YES;
				CLANG_WARN_BOOL_CONVERSION = YES;
				CLANG_WARN_COMMA = YES;
				CLANG_WARN_CONSTANT_CONVERSION = YES;
				CLANG_WARN_DEPRECATED_OBJC_IMPLEMENTATIONS = YES;
				CLANG_WARN_DIRECT_OBJC_ISA_USAGE = YES_ERROR;
				CLANG_WARN_DOCUMENTATION_COMMENTS = YES;
				CLANG_WARN_EMPTY_BODY = YES;
				CLANG_WARN_ENUM_CONVERSION = YES;
				CLANG_WARN_INFINITE_RECURSION = YES;
				CLANG_WARN_INT_CONVERSION = YES;
				CLANG_WARN_NON_LITERAL_NULL_CONVERSION = YES;
				CLANG_WARN_OBJC_IMPLICIT_RETAIN_SELF = YES;
				CLANG_WARN_OBJC_LITERAL_CONVERSION = YES;
				CLANG_WARN_OBJC_ROOT_CLASS = YES_ERROR;
				CLANG_WARN_QUOTED_INCLUDE_IN_FRAMEWORK_HEADER = YES;
				CLANG_WARN_RANGE_LOOP_ANALYSIS = YES;
				CLANG_WARN_STRICT_PROTOTYPES = YES;
				CLANG_WARN_SUSPICIOUS_MOVE = YES;
				CLANG_WARN_UNGUARDED_AVAILABILITY = YES_AGGRESSIVE;
				CLANG_WARN_UNREACHABLE_CODE = YES;
				CLANG_WARN__DUPLICATE_METHOD_MATCH = YES;
				COPY_PHASE_STRIP = NO;
				DEBUG_INFORMATION_FORMAT = dwarf;
				DEVELOPMENT_TEAM = 8XPP7Z37GF;
				ENABLE_STRICT_OBJC_MSGSEND = YES;
				ENABLE_TESTABILITY = YES;
				ENABLE_USER_SCRIPT_SANDBOXING = YES;
				GCC_C_LANGUAGE_STANDARD = gnu17;
				GCC_DYNAMIC_NO_PIC = NO;
				GCC_NO_COMMON_BLOCKS = YES;
				GCC_OPTIMIZATION_LEVEL = 0;
				GCC_PREPROCESSOR_DEFINITIONS = (
					"DEBUG=1",
					"$(inherited)",
				);
				GCC_WARN_64_TO_32_BIT_CONVERSION = YES;
				GCC_WARN_ABOUT_RETURN_TYPE = YES_ERROR;
				GCC_WARN_UNDECLARED_SELECTOR = YES;
				GCC_WARN_UNINITIALIZED_AUTOS = YES_AGGRESSIVE;
				GCC_WARN_UNUSED_FUNCTION = YES;
				GCC_WARN_UNUSED_VARIABLE = YES;
				IPHONEOS_DEPLOYMENT_TARGET = 17.0;
				LOCALIZATION_PREFERS_STRING_CATALOGS = YES;
				MTL_ENABLE_DEBUG_INFO = INCLUDE_SOURCE;
				MTL_FAST_MATH = YES;
				ONLY_ACTIVE_ARCH = YES;
				SDKROOT = iphoneos;
				STRING_CATALOG_GENERATE_SYMBOLS = YES;
				SWIFT_ACTIVE_COMPILATION_CONDITIONS = "DEBUG $(inherited)";
				SWIFT_OPTIMIZATION_LEVEL = "-Onone";
				SWIFT_VERSION = 5.0;
			};
			name = Debug;
		};
		6B0D3B50A0FE4C26B786E000 /* Release */ = {
			isa = XCBuildConfiguration;
			buildSettings = {
				ASSETCATALOG_COMPILER_APPICON_NAME = AppIcon;
				ASSETCATALOG_COMPILER_GLOBAL_ACCENT_COLOR_NAME = AccentColor;
				CODE_SIGN_ENTITLEMENTS = Vakit/Vakit.entitlements;
				CODE_SIGN_STYLE = Automatic;
				CURRENT_PROJECT_VERSION = 7;
				ENABLE_PREVIEWS = YES;
				GENERATE_INFOPLIST_FILE = NO;
				INFOPLIST_FILE = Vakit/Info.plist;
				INFOPLIST_KEY_CFBundleDisplayName = "Ufuk - Namaz Vakitleri";
				INFOPLIST_KEY_LSApplicationCategoryType = "public.app-category.lifestyle";
				INFOPLIST_KEY_NSLocationAlwaysAndWhenInUseUsageDescription = "Namaz vakitleri ve kıble yönü için konumunuz kullanılır.";
				INFOPLIST_KEY_NSLocationWhenInUseUsageDescription = "Namaz vakitleri ve kıble yönü için konumunuz kullanılır.";
				INFOPLIST_KEY_REVENUECAT_API_KEY = "$(REVENUECAT_API_KEY)";
				INFOPLIST_KEY_UIApplicationSceneManifest_Generation = YES;
				INFOPLIST_KEY_UIApplicationSupportsIndirectInputEvents = YES;
				INFOPLIST_KEY_UILaunchScreen_Generation = YES;
				INFOPLIST_KEY_UISupportedInterfaceOrientations = UIInterfaceOrientationPortrait;
				INFOPLIST_KEY_UIUserInterfaceStyle = Dark;
				LD_RUNPATH_SEARCH_PATHS = (
					"$(inherited)",
					"@executable_path/Frameworks",
				);
				MARKETING_VERSION = 1.1.0;
				PRODUCT_BUNDLE_IDENTIFIER = com.vakit.app;
				PRODUCT_NAME = "$(TARGET_NAME)";
				SWIFT_EMIT_LOC_STRINGS = YES;
				SWIFT_VERSION = 5.0;
				TARGETED_DEVICE_FAMILY = 1;
			};
			name = Release;
		};
		9699C74F51E84940B024C931 /* Debug */ = {
			isa = XCBuildConfiguration;
			buildSettings = {
				ASSETCATALOG_COMPILER_APPICON_NAME = AppIcon;
				ASSETCATALOG_COMPILER_GLOBAL_ACCENT_COLOR_NAME = AccentColor;
				CODE_SIGN_ENTITLEMENTS = Vakit/Vakit.entitlements;
				CODE_SIGN_STYLE = Automatic;
				CURRENT_PROJECT_VERSION = 7;
				ENABLE_PREVIEWS = YES;
				GENERATE_INFOPLIST_FILE = NO;
				INFOPLIST_FILE = Vakit/Info.plist;
				INFOPLIST_KEY_CFBundleDisplayName = "Ufuk - Namaz Vakitleri";
				INFOPLIST_KEY_LSApplicationCategoryType = "public.app-category.lifestyle";
				INFOPLIST_KEY_NSLocationAlwaysAndWhenInUseUsageDescription = "Namaz vakitleri ve kıble yönü için konumunuz kullanılır.";
				INFOPLIST_KEY_NSLocationWhenInUseUsageDescription = "Namaz vakitleri ve kıble yönü için konumunuz kullanılır.";
				INFOPLIST_KEY_REVENUECAT_API_KEY = "$(REVENUECAT_API_KEY)";
				INFOPLIST_KEY_UIApplicationSceneManifest_Generation = YES;
				INFOPLIST_KEY_UIApplicationSupportsIndirectInputEvents = YES;
				INFOPLIST_KEY_UILaunchScreen_Generation = YES;
				INFOPLIST_KEY_UISupportedInterfaceOrientations = UIInterfaceOrientationPortrait;
				INFOPLIST_KEY_UIUserInterfaceStyle = Dark;
				LD_RUNPATH_SEARCH_PATHS = (
					"$(inherited)",
					"@executable_path/Frameworks",
				);
				MARKETING_VERSION = 1.1.0;
				PRODUCT_BUNDLE_IDENTIFIER = com.vakit.app;
				PRODUCT_NAME = "$(TARGET_NAME)";
				SWIFT_EMIT_LOC_STRINGS = YES;
				SWIFT_VERSION = 5.0;
				TARGETED_DEVICE_FAMILY = 1;
			};
			name = Debug;
		};
		987770D6632A29FE4344FE59 /* Debug */ = {
			isa = XCBuildConfiguration;
			buildSettings = {
				CLANG_ENABLE_OBJC_WEAK = NO;
				CODE_SIGN_ENTITLEMENTS = UfukWidget/UfukWidget.entitlements;
				CODE_SIGN_STYLE = Automatic;
				CURRENT_PROJECT_VERSION = 7;
				DEVELOPMENT_TEAM = 8XPP7Z37GF;
				ENABLE_PREVIEWS = YES;
				GENERATE_INFOPLIST_FILE = NO;
				INFOPLIST_FILE = UfukWidget/Info.plist;
				IPHONEOS_DEPLOYMENT_TARGET = 17.0;
				LD_RUNPATH_SEARCH_PATHS = (
					"$(inherited)",
					"@executable_path/Frameworks",
					"@executable_path/../../Frameworks",
				);
				MARKETING_VERSION = 1.1.0;
				PRODUCT_BUNDLE_IDENTIFIER = com.vakit.app.widget;
				PRODUCT_NAME = "$(TARGET_NAME)";
				SDKROOT = iphoneos;
				SKIP_INSTALL = YES;
				SWIFT_ACTIVE_COMPILATION_CONDITIONS = DEBUG;
				SWIFT_EMIT_LOC_STRINGS = YES;
				SWIFT_OPTIMIZATION_LEVEL = "-Onone";
				SWIFT_VERSION = 5.0;
				TARGETED_DEVICE_FAMILY = 1;
			};
			name = Debug;
		};
		E5C7CF0982604265920835C2 /* Release */ = {
			isa = XCBuildConfiguration;
			baseConfigurationReference = C000000000000000000002 /* Base.xcconfig */;
			buildSettings = {
				ALWAYS_SEARCH_USER_PATHS = NO;
				ASSETCATALOG_COMPILER_GENERATE_SWIFT_ASSET_SYMBOL_EXTENSIONS = YES;
				CLANG_ANALYZER_LOCALIZABILITY_NONLOCALIZED = YES;
				CLANG_ANALYZER_NONNULL = YES;
				CLANG_ANALYZER_NUMBER_OBJECT_CONVERSION = YES_AGGRESSIVE;
				CLANG_CXX_LANGUAGE_STANDARD = "gnu++20";
				CLANG_ENABLE_MODULES = YES;
				CLANG_ENABLE_OBJC_ARC = YES;
				CLANG_ENABLE_OBJC_WEAK = YES;
				CLANG_WARN_BLOCK_CAPTURE_AUTORELEASING = YES;
				CLANG_WARN_BOOL_CONVERSION = YES;
				CLANG_WARN_COMMA = YES;
				CLANG_WARN_CONSTANT_CONVERSION = YES;
				CLANG_WARN_DEPRECATED_OBJC_IMPLEMENTATIONS = YES;
				CLANG_WARN_DIRECT_OBJC_ISA_USAGE = YES_ERROR;
				CLANG_WARN_DOCUMENTATION_COMMENTS = YES;
				CLANG_WARN_EMPTY_BODY = YES;
				CLANG_WARN_ENUM_CONVERSION = YES;
				CLANG_WARN_INFINITE_RECURSION = YES;
				CLANG_WARN_INT_CONVERSION = YES;
				CLANG_WARN_NON_LITERAL_NULL_CONVERSION = YES;
				CLANG_WARN_OBJC_IMPLICIT_RETAIN_SELF = YES;
				CLANG_WARN_OBJC_LITERAL_CONVERSION = YES;
				CLANG_WARN_OBJC_ROOT_CLASS = YES_ERROR;
				CLANG_WARN_QUOTED_INCLUDE_IN_FRAMEWORK_HEADER = YES;
				CLANG_WARN_RANGE_LOOP_ANALYSIS = YES;
				CLANG_WARN_STRICT_PROTOTYPES = YES;
				CLANG_WARN_SUSPICIOUS_MOVE = YES;
				CLANG_WARN_UNGUARDED_AVAILABILITY = YES_AGGRESSIVE;
				CLANG_WARN_UNREACHABLE_CODE = YES;
				CLANG_WARN__DUPLICATE_METHOD_MATCH = YES;
				COPY_PHASE_STRIP = NO;
				DEBUG_INFORMATION_FORMAT = "dwarf-with-dsym";
				DEVELOPMENT_TEAM = 8XPP7Z37GF;
				ENABLE_NS_ASSERTIONS = NO;
				ENABLE_STRICT_OBJC_MSGSEND = YES;
				ENABLE_USER_SCRIPT_SANDBOXING = YES;
				GCC_C_LANGUAGE_STANDARD = gnu17;
				GCC_NO_COMMON_BLOCKS = YES;
				GCC_WARN_64_TO_32_BIT_CONVERSION = YES;
				GCC_WARN_ABOUT_RETURN_TYPE = YES_ERROR;
				GCC_WARN_UNDECLARED_SELECTOR = YES;
				GCC_WARN_UNINITIALIZED_AUTOS = YES_AGGRESSIVE;
				GCC_WARN_UNUSED_FUNCTION = YES;
				GCC_WARN_UNUSED_VARIABLE = YES;
				IPHONEOS_DEPLOYMENT_TARGET = 17.0;
				LOCALIZATION_PREFERS_STRING_CATALOGS = YES;
				MTL_ENABLE_DEBUG_INFO = NO;
				MTL_FAST_MATH = YES;
				SDKROOT = iphoneos;
				STRING_CATALOG_GENERATE_SYMBOLS = YES;
				SWIFT_COMPILATION_MODE = wholemodule;
				SWIFT_VERSION = 5.0;
				VALIDATE_PRODUCT = YES;
			};
			name = Release;
		};
		F7BE98581B5C170CA48E26F3 /* Release */ = {
			isa = XCBuildConfiguration;
			buildSettings = {
				CLANG_ENABLE_OBJC_WEAK = NO;
				CODE_SIGN_ENTITLEMENTS = UfukWidget/UfukWidget.entitlements;
				CODE_SIGN_STYLE = Automatic;
				CURRENT_PROJECT_VERSION = 7;
				DEVELOPMENT_TEAM = 8XPP7Z37GF;
				ENABLE_PREVIEWS = YES;
				GENERATE_INFOPLIST_FILE = NO;
				INFOPLIST_FILE = UfukWidget/Info.plist;
				IPHONEOS_DEPLOYMENT_TARGET = 17.0;
				LD_RUNPATH_SEARCH_PATHS = (
					"$(inherited)",
					"@executable_path/Frameworks",
					"@executable_path/../../Frameworks",
				);
				MARKETING_VERSION = 1.1.0;
				PRODUCT_BUNDLE_IDENTIFIER = com.vakit.app.widget;
				PRODUCT_NAME = "$(TARGET_NAME)";
				SDKROOT = iphoneos;
				SKIP_INSTALL = YES;
				SWIFT_EMIT_LOC_STRINGS = YES;
				SWIFT_VERSION = 5.0;
				TARGETED_DEVICE_FAMILY = 1;
				VALIDATE_PRODUCT = YES;
			};
			name = Release;
		};
/* End XCBuildConfiguration section */

/* Begin XCConfigurationList section */
		A10000000000000000000011 /* Build configuration list for PBXNativeTarget "VakitTests" */ = {
			isa = XCConfigurationList;
			buildConfigurations = (
				A1000000000000000000000B /* Debug */,
				A1000000000000000000000C /* Release */,
			);
			defaultConfigurationIsVisible = 0;
			defaultConfigurationName = Release;
		};
		00710D7578E54B458420A16E /* Build configuration list for PBXNativeTarget "Vakit" */ = {
			isa = XCConfigurationList;
			buildConfigurations = (
				9699C74F51E84940B024C931 /* Debug */,
				6B0D3B50A0FE4C26B786E000 /* Release */,
			);
			defaultConfigurationIsVisible = 0;
			defaultConfigurationName = Release;
		};
		6CB7C7E2CAC642C39B6B32CA /* Build configuration list for PBXProject "Vakit" */ = {
			isa = XCConfigurationList;
			buildConfigurations = (
				1FC16D5184A848318E65D37E /* Debug */,
				E5C7CF0982604265920835C2 /* Release */,
			);
			defaultConfigurationIsVisible = 0;
			defaultConfigurationName = Release;
		};
		91BAD9589DCE1F81E1F943FC /* Build configuration list for PBXNativeTarget "UfukWidget" */ = {
			isa = XCConfigurationList;
			buildConfigurations = (
				F7BE98581B5C170CA48E26F3 /* Release */,
				987770D6632A29FE4344FE59 /* Debug */,
			);
			defaultConfigurationIsVisible = 0;
			defaultConfigurationName = Release;
		};
/* End XCConfigurationList section */

/* Begin XCRemoteSwiftPackageReference section */
		3AAC666D63BE48D1B9CCBE85 /* XCRemoteSwiftPackageReference "adhan-swift" */ = {
			isa = XCRemoteSwiftPackageReference;
			repositoryURL = "https://github.com/batoulapps/adhan-swift";
			requirement = {
				kind = upToNextMajorVersion;
				minimumVersion = 1.4.0;
			};
		};
		A2FCC96F9DB3468DB52177FB /* XCRemoteSwiftPackageReference "purchases-ios" */ = {
			isa = XCRemoteSwiftPackageReference;
			repositoryURL = "https://github.com/RevenueCat/purchases-ios";
			requirement = {
				kind = upToNextMajorVersion;
				minimumVersion = 5.0.0;
			};
		};
/* End XCRemoteSwiftPackageReference section */

/* Begin XCSwiftPackageProductDependency section */
		D0FEB944B591481386752953 /* Adhan */ = {
			isa = XCSwiftPackageProductDependency;
			package = 3AAC666D63BE48D1B9CCBE85 /* XCRemoteSwiftPackageReference "adhan-swift" */;
			productName = Adhan;
		};
		FED66DFEE5424FF389755875 /* RevenueCat */ = {
			isa = XCSwiftPackageProductDependency;
			package = A2FCC96F9DB3468DB52177FB /* XCRemoteSwiftPackageReference "purchases-ios" */;
			productName = RevenueCat;
		};
/* End XCSwiftPackageProductDependency section */
	};
	rootObject = 55B61435A08D4CB58053593C /* Project object */;
}
